// !$*UTF8*$!
{
	archiveVersion = 1;
	classes = {
	};
	objectVersion = 46;
	objects = {

/* Begin PBXBuildFile section */
		A7EEB17B1C95F88600DF7A70 /* main.m in Sources */ = {isa = PBXBuildFile; fileRef = A7EEB17A1C95F88600DF7A70 /* main.m */; };
		A7EEB17E1C95F88600DF7A70 /* AppDelegate.m in Sources */ = {isa = PBXBuildFile; fileRef = A7EEB17D1C95F88600DF7A70 /* AppDelegate.m */; };
		A7EEB1811C95F88600DF7A70 /* ViewController.m in Sources */ = {isa = PBXBuildFile; fileRef = A7EEB1801C95F88600DF7A70 /* ViewController.m */; };
		A7EEB1841C95F88600DF7A70 /* Main.storyboard in Resources */ = {isa = PBXBuildFile; fileRef = A7EEB1821C95F88600DF7A70 /* Main.storyboard */; };
		A7EEB1861C95F88600DF7A70 /* Assets.xcassets in Resources */ = {isa = PBXBuildFile; fileRef = A7EEB1851C95F88600DF7A70 /* Assets.xcassets */; };
		A7EEB1891C95F88600DF7A70 /* LaunchScreen.storyboard in Resources */ = {isa = PBXBuildFile; fileRef = A7EEB1871C95F88600DF7A70 /* LaunchScreen.storyboard */; };
		A7EEB1921C95FCA700DF7A70 /* GameController.m in Sources */ = {isa = PBXBuildFile; fileRef = A7EEB1911C95FCA700DF7A70 /* GameController.m */; };
		A7EEB1951C95FCEB00DF7A70 /* Board.m in Sources */ = {isa = PBXBuildFile; fileRef = A7EEB1941C95FCEB00DF7A70 /* Board.m */; };
		A7EEB1981C95FD0800DF7A70 /* BoardSquare.m in Sources */ = {isa = PBXBuildFile; fileRef = A7EEB1971C95FD0800DF7A70 /* BoardSquare.m */; };
		A7EEB19B1C95FD1700DF7A70 /* Player.m in Sources */ = {isa = PBXBuildFile; fileRef = A7EEB19A1C95FD1700DF7A70 /* Player.m */; };
/* End PBXBuildFile section */

/* Begin PBXFileReference section */
		A7EEB1761C95F88600DF7A70 /* W1ESnakes&Ladders.app */ = {isa = PBXFileReference; explicitFileType = wrapper.application; includeInIndex = 0; path = "W1ESnakes&Ladders.app"; sourceTree = BUILT_PRODUCTS_DIR; };
		A7EEB17A1C95F88600DF7A70 /* main.m */ = {isa = PBXFileReference; lastKnownFileType = sourcecode.c.objc; path = main.m; sourceTree = "<group>"; };
		A7EEB17C1C95F88600DF7A70 /* AppDelegate.h */ = {isa = PBXFileReference; lastKnownFileType = sourcecode.c.h; path = AppDelegate.h; sourceTree = "<group>"; };
		A7EEB17D1C95F88600DF7A70 /* AppDelegate.m */ = {isa = PBXFileReference; lastKnownFileType = sourcecode.c.objc; path = AppDelegate.m; sourceTree = "<group>"; };
		A7EEB17F1C95F88600DF7A70 /* ViewController.h */ = {isa = PBXFileReference; lastKnownFileType = sourcecode.c.h; path = ViewController.h; sourceTree = "<group>"; };
		A7EEB1801C95F88600DF7A70 /* ViewController.m */ = {isa = PBXFileReference; lastKnownFileType = sourcecode.c.objc; path = ViewController.m; sourceTree = "<group>"; };
		A7EEB1831C95F88600DF7A70 /* Base */ = {isa = PBXFileReference; lastKnownFileType = file.storyboard; name = Base; path = Base.lproj/Main.storyboard; sourceTree = "<group>"; };
		A7EEB1851C95F88600DF7A70 /* Assets.xcassets */ = {isa = PBXFileReference; lastKnownFileType = folder.assetcatalog; path = Assets.xcassets; sourceTree = "<group>"; };
		A7EEB1881C95F88600DF7A70 /* Base */ = {isa = PBXFileReference; lastKnownFileType = file.storyboard; name = Base; path = Base.lproj/LaunchScreen.storyboard; sourceTree = "<group>"; };
		A7EEB18A1C95F88600DF7A70 /* Info.plist */ = {isa = PBXFileReference; lastKnownFileType = text.plist.xml; path = Info.plist; sourceTree = "<group>"; };
		A7EEB1901C95FCA700DF7A70 /* GameController.h */ = {isa = PBXFileReference; fileEncoding = 4; lastKnownFileType = sourcecode.c.h; path = GameController.h; sourceTree = "<group>"; };
		A7EEB1911C95FCA700DF7A70 /* GameController.m */ = {isa = PBXFileReference; fileEncoding = 4; lastKnownFileType = sourcecode.c.objc; path = GameController.m; sourceTree = "<group>"; };
		A7EEB1931C95FCEB00DF7A70 /* Board.h */ = {isa = PBXFileReference; fileEncoding = 4; lastKnownFileType = sourcecode.c.h; path = Board.h; sourceTree = "<group>"; };
		A7EEB1941C95FCEB00DF7A70 /* Board.m */ = {isa = PBXFileReference; fileEncoding = 4; lastKnownFileType = sourcecode.c.objc; path = Board.m; sourceTree = "<group>"; };
		A7EEB1961C95FD0800DF7A70 /* BoardSquare.h */ = {isa = PBXFileReference; fileEncoding = 4; lastKnownFileType = sourcecode.c.h; path = BoardSquare.h; sourceTree = "<group>"; };
		A7EEB1971C95FD0800DF7A70 /* BoardSquare.m */ = {isa = PBXFileReference; fileEncoding = 4; lastKnownFileType = sourcecode.c.objc; path = BoardSquare.m; sourceTree = "<group>"; };
		A7EEB1991C95FD1700DF7A70 /* Player.h */ = {isa = PBXFileReference; fileEncoding = 4; lastKnownFileType = sourcecode.c.h; path = Player.h; sourceTree = "<group>"; };
		A7EEB19A1C95FD1700DF7A70 /* Player.m */ = {isa = PBXFileReference; fileEncoding = 4; lastKnownFileType = sourcecode.c.objc; path = Player.m; sourceTree = "<group>"; };
/* End PBXFileReference section */

/* Begin PBXFrameworksBuildPhase section */
		A7EEB1731C95F88600DF7A70 /* Frameworks */ = {
			isa = PBXFrameworksBuildPhase;
			buildActionMask = 2147483647;
			files = (
			);
			runOnlyForDeploymentPostprocessing = 0;
		};
/* End PBXFrameworksBuildPhase section */

/* Begin PBXGroup section */
		A7EEB16D1C95F88600DF7A70 = {
			isa = PBXGroup;
			children = (
				A7EEB1781C95F88600DF7A70 /* W1ESnakes&Ladders */,
				A7EEB1771C95F88600DF7A70 /* Products */,
			);
			sourceTree = "<group>";
		};
		A7EEB1771C95F88600DF7A70 /* Products */ = {
			isa = PBXGroup;
			children = (
				A7EEB1761C95F88600DF7A70 /* W1ESnakes&Ladders.app */,
			);
			name = Products;
			sourceTree = "<group>";
		};
		A7EEB1781C95F88600DF7A70 /* W1ESnakes&Ladders */ = {
			isa = PBXGroup;
			children = (
				A7EEB17C1C95F88600DF7A70 /* AppDelegate.h */,
				A7EEB17D1C95F88600DF7A70 /* AppDelegate.m */,
				A7EEB17F1C95F88600DF7A70 /* ViewController.h */,
				A7EEB1801C95F88600DF7A70 /* ViewController.m */,
				A7EEB1821C95F88600DF7A70 /* Main.storyboard */,
				A7EEB1851C95F88600DF7A70 /* Assets.xcassets */,
				A7EEB1871C95F88600DF7A70 /* LaunchScreen.storyboard */,
				A7EEB18A1C95F88600DF7A70 /* Info.plist */,
				A7EEB1791C95F88600DF7A70 /* Supporting Files */,
				A7EEB1901C95FCA700DF7A70 /* GameController.h */,
				A7EEB1911C95FCA700DF7A70 /* GameController.m */,
				A7EEB1931C95FCEB00DF7A70 /* Board.h */,
				A7EEB1941C95FCEB00DF7A70 /* Board.m */,
				A7EEB1961C95FD0800DF7A70 /* BoardSquare.h */,
				A7EEB1971C95FD0800DF7A70 /* BoardSquare.m */,
				A7EEB1991C95FD1700DF7A70 /* Player.h */,
				A7EEB19A1C95FD1700DF7A70 /* Player.m */,
			);
			path = "W1ESnakes&Ladders";
			sourceTree = "<group>";
		};
		A7EEB1791C95F88600DF7A70 /* Supporting Files */ = {
			isa = PBXGroup;
			children = (
				A7EEB17A1C95F88600DF7A70 /* main.m */,
			);
			name = "Supporting Files";
			sourceTree = "<group>";
		};
/* End PBXGroup section */

/* Begin PBXNativeTarget section */
		A7EEB1751C95F88600DF7A70 /* W1ESnakes&Ladders */ = {
			isa = PBXNativeTarget;
			buildConfigurationList = A7EEB18D1C95F88600DF7A70 /* Build configuration list for PBXNativeTarget "W1ESnakes&Ladders" */;
			buildPhases = (
				A7EEB1721C95F88600DF7A70 /* Sources */,
				A7EEB1731C95F88600DF7A70 /* Frameworks */,
				A7EEB1741C95F88600DF7A70 /* Resources */,
			);
			buildRules = (
			);
			dependencies = (
			);
			name = "W1ESnakes&Ladders";
			productName = "W1ESnakes&Ladders";
			productReference = A7EEB1761C95F88600DF7A70 /* W1ESnakes&Ladders.app */;
			productType = "com.apple.product-type.application";
		};
/* End PBXNativeTarget section */

/* Begin PBXProject section */
		A7EEB16E1C95F88600DF7A70 /* Project object */ = {
			isa = PBXProject;
			attributes = {
				LastUpgradeCheck = 0720;
				ORGANIZATIONNAME = AccessIT;
				TargetAttributes = {
					A7EEB1751C95F88600DF7A70 = {
						CreatedOnToolsVersion = 7.2.1;
						DevelopmentTeam = DA62YQ6NQN;
					};
				};
			};
			buildConfigurationList = A7EEB1711C95F88600DF7A70 /* Build configuration list for PBXProject "W1ESnakes&Ladders" */;
			compatibilityVersion = "Xcode 3.2";
			developmentRegion = English;
			hasScannedForEncodings = 0;
			knownRegions = (
				en,
				Base,
			);
			mainGroup = A7EEB16D1C95F88600DF7A70;
			productRefGroup = A7EEB1771C95F88600DF7A70 /* Products */;
			projectDirPath = "";
			projectRoot = "";
			targets = (
				A7EEB1751C95F88600DF7A70 /* W1ESnakes&Ladders */,
			);
		};
/* End PBXProject section */

/* Begin PBXResourcesBuildPhase section */
		A7EEB1741C95F88600DF7A70 /* Resources */ = {
			isa = PBXResourcesBuildPhase;
			buildActionMask = 2147483647;
			files = (
				A7EEB1891C95F88600DF7A70 /* LaunchScreen.storyboard in Resources */,
				A7EEB1861C95F88600DF7A70 /* Assets.xcassets in Resources */,
				A7EEB1841C95F88600DF7A70 /* Main.storyboard in Resources */,
			);
			runOnlyForDeploymentPostprocessing = 0;
		};
/* End PBXResourcesBuildPhase section */

/* Begin PBXSourcesBuildPhase section */
		A7EEB1721C95F88600DF7A70 /* Sources */ = {
			isa = PBXSourcesBuildPhase;
			buildActionMask = 2147483647;
			files = (
				A7EEB1811C95F88600DF7A70 /* ViewController.m in Sources */,
				A7EEB1921C95FCA700DF7A70 /* GameController.m in Sources */,
				A7EEB17E1C95F88600DF7A70 /* AppDelegate.m in Sources */,
				A7EEB17B1C95F88600DF7A70 /* main.m in Sources */,
				A7EEB1951C95FCEB00DF7A70 /* Board.m in Sources */,
				A7EEB19B1C95FD1700DF7A70 /* Player.m in Sources */,
				A7EEB1981C95FD0800DF7A70 /* BoardSquare.m in Sources */,
			);
			runOnlyForDeploymentPostprocessing = 0;
		};
/* End PBXSourcesBuildPhase section */

/* Begin PBXVariantGroup section */
		A7EEB1821C95F88600DF7A70 /* Main.storyboard */ = {
			isa = PBXVariantGroup;
			children = (
				A7EEB1831C95F88600DF7A70 /* Base */,
			);
			name = Main.storyboard;
			sourceTree = "<group>";
		};
		A7EEB1871C95F88600DF7A70 /* LaunchScreen.storyboard */ = {
			isa = PBXVariantGroup;
			children = (
				A7EEB1881C95F88600DF7A70 /* Base */,
			);
			name = LaunchScreen.storyboard;
			sourceTree = "<group>";
		};
/* End PBXVariantGroup section */

/* Begin XCBuildConfiguration section */
		A7EEB18B1C95F88600DF7A70 /* Debug */ = {
			isa = XCBuildConfiguration;
			buildSettings = {
				ALWAYS_SEARCH_USER_PATHS = NO;
				CLANG_CXX_LANGUAGE_STANDARD = "gnu++0x";
				CLANG_CXX_LIBRARY = "libc++";
				CLANG_ENABLE_MODULES = YES;
				CLANG_ENABLE_OBJC_ARC = YES;
				CLANG_WARN_BOOL_CONVERSION = YES;
				CLANG_WARN_CONSTANT_CONVERSION = YES;
				CLANG_WARN_DIRECT_OBJC_ISA_USAGE = YES_ERROR;
				CLANG_WARN_EMPTY_BODY = YES;
				CLANG_WARN_ENUM_CONVERSION = YES;
				CLANG_WARN_INT_CONVERSION = YES;
				CLANG_WARN_OBJC_ROOT_CLASS = YES_ERROR;
				CLANG_WARN_UNREACHABLE_CODE = YES;
				CLANG_WARN__DUPLICATE_METHOD_MATCH = YES;
				"CODE_SIGN_IDENTITY[sdk=iphoneos*]" = "iPhone Developer";
				COPY_PHASE_STRIP = NO;
				DEBUG_INFORMATION_FORMAT = dwarf;
				ENABLE_STRICT_OBJC_MSGSEND = YES;
				ENABLE_TESTABILITY = YES;
				GCC_C_LANGUAGE_STANDARD = gnu99;
				GCC_DYNAMIC_NO_PIC = NO;
				GCC_NO_COMMON_BLOCKS = YES;
				GCC_OPTIMIZATION_LEVEL = 0;
				GCC_PREPROCESSOR_DEFINITIONS = (
					"DEBUG=1",
					"$(inherited)",
				);
				GCC_WARN_64_TO_32_BIT_CONVERSION = YES;
				GCC_WARN_ABOUT_RETURN_TYPE = YES_ERROR;
				GCC_WARN_UNDECLARED_SELECTOR = YES;
				GCC_WARN_UNINITIALIZED_AUTOS = YES_AGGRESSIVE;
				GCC_WARN_UNUSED_FUNCTION = YES;
				GCC_WARN_UNUSED_VARIABLE = YES;
				IPHONEOS_DEPLOYMENT_TARGET = 9.2;
				MTL_ENABLE_DEBUG_INFO = YES;
				ONLY_ACTIVE_ARCH = YES;
				SDKROOT = iphoneos;
				TARGETED_DEVICE_FAMILY = "1,2";
			};
			name = Debug;
		};
		A7EEB18C1C95F88600DF7A70 /* Release */ = {
			isa = XCBuildConfiguration;
			buildSettings = {
				ALWAYS_SEARCH_USER_PATHS = NO;
				CLANG_CXX_LANGUAGE_STANDARD = "gnu++0x";
				CLANG_CXX_LIBRARY = "libc++";
				CLANG_ENABLE_MODULES = YES;
				CLANG_ENABLE_OBJC_ARC = YES;
				CLANG_WARN_BOOL_CONVERSION = YES;
				CLANG_WARN_CONSTANT_CONVERSION = YES;
				CLANG_WARN_DIRECT_OBJC_ISA_USAGE = YES_ERROR;
				CLANG_WARN_EMPTY_BODY = YES;
				CLANG_WARN_ENUM_CONVERSION = YES;
				CLANG_WARN_INT_CONVERSION = YES;
				CLANG_WARN_OBJC_ROOT_CLASS = YES_ERROR;
				CLANG_WARN_UNREACHABLE_CODE = YES;
				CLANG_WARN__DUPLICATE_METHOD_MATCH = YES;
				"CODE_SIGN_IDENTITY[sdk=iphoneos*]" = "iPhone Developer";
				COPY_PHASE_STRIP = NO;
				DEBUG_INFORMATION_FORMAT = "dwarf-with-dsym";
				ENABLE_NS_ASSERTIONS = NO;
				ENABLE_STRICT_OBJC_MSGSEND = YES;
				GCC_C_LANGUAGE_STANDARD = gnu99;
				GCC_NO_COMMON_BLOCKS = YES;
				GCC_WARN_64_TO_32_BIT_CONVERSION = YES;
				GCC_WARN_ABOUT_RETURN_TYPE = YES_ERROR;
				GCC_WARN_UNDECLARED_SELECTOR = YES;
				GCC_WARN_UNINITIALIZED_AUTOS = YES_AGGRESSIVE;
				GCC_WARN_UNUSED_FUNCTION = YES;
				GCC_WARN_UNUSED_VARIABLE = YES;
				IPHONEOS_DEPLOYMENT_TARGET = 9.2;
				MTL_ENABLE_DEBUG_INFO = NO;
				SDKROOT = iphoneos;
				TARGETED_DEVICE_FAMILY = "1,2";
				VALIDATE_PRODUCT = YES;
			};
			name = Release;
		};
		A7EEB18E1C95F88600DF7A70 /* Debug */ = {
			isa = XCBuildConfiguration;
			buildSettings = {
				ASSETCATALOG_COMPILER_APPICON_NAME = AppIcon;
				INFOPLIST_FILE = "W1ESnakes&Ladders/Info.plist";
				LD_RUNPATH_SEARCH_PATHS = "$(inherited) @executable_path/Frameworks";
				PRODUCT_BUNDLE_IDENTIFIER = "access.W1ESnakes-Ladders";
				PRODUCT_NAME = "$(TARGET_NAME)";
			};
			name = Debug;
		};
		A7EEB18F1C95F88600DF7A70 /* Release */ = {
			isa = XCBuildConfiguration;
			buildSettings = {
				ASSETCATALOG_COMPILER_APPICON_NAME = AppIcon;
				INFOPLIST_FILE = "W1ESnakes&Ladders/Info.plist";
				LD_RUNPATH_SEARCH_PATHS = "$(inherited) @executable_path/Frameworks";
				PRODUCT_BUNDLE_IDENTIFIER = "access.W1ESnakes-Ladders";
				PRODUCT_NAME = "$(TARGET_NAME)";
			};
			name = Release;
		};
/* End XCBuildConfiguration section */

/* Begin XCConfigurationList section */
		A7EEB1711C95F88600DF7A70 /* Build configuration list for PBXProject "W1ESnakes&Ladders" */ = {
			isa = XCConfigurationList;
			buildConfigurations = (
				A7EEB18B1C95F88600DF7A70 /* Debug */,
				A7EEB18C1C95F88600DF7A70 /* Release */,
			);
			defaultConfigurationIsVisible = 0;
			defaultConfigurationName = Release;
		};
		A7EEB18D1C95F88600DF7A70 /* Build configuration list for PBXNativeTarget "W1ESnakes&Ladders" */ = {
			isa = XCConfigurationList;
			buildConfigurations = (
				A7EEB18E1C95F88600DF7A70 /* Debug */,
				A7EEB18F1C95F88600DF7A70 /* Release */,
			);
			defaultConfigurationIsVisible = 0;
		};
/* End XCConfigurationList section */
	};
	rootObject = A7EEB16E1C95F88600DF7A70 /* Project object */;
}
